
Microsoft Visual Studio Solution File, Format Version 12.00
# Visual Studio 14
VisualStudioVersion = 14.0.25420.1
MinimumVisualStudioVersion = 10.0.40219.1
Project("{FAE04EC0-301F-11D3-BF4B-00C04F79EFBC}") = "Core.Ifx.Documentation", "Core.Ifx.Documentation\Core.Ifx.Documentation.csproj", "{E579943C-F3F8-4442-9AB3-73D4AC5928B0}"
	ProjectSection(ProjectDependencies) = postProject
		{3D18D4AF-FD73-4413-9EF2-78A230116BCF} = {3D18D4AF-FD73-4413-9EF2-78A230116BCF}
	EndProjectSection
EndProject
Project("{FAE04EC0-301F-11D3-BF4B-00C04F79EFBC}") = "Core.Agent.DocumentationBuilder", "Core.Agent.DocumentationBuilder\Core.Agent.DocumentationBuilder.csproj", "{89CA7776-7442-43D2-A5E0-023537C14C1E}"
EndProject
Project("{FAE04EC0-301F-11D3-BF4B-00C04F79EFBC}") = "Test.Contracts.Example", "Test.Contracts.Example\Test.Contracts.Example.csproj", "{3D18D4AF-FD73-4413-9EF2-78A230116BCF}"
EndProject
Project("{2150E333-8FDC-42A3-9474-1A3956D46DE8}") = "Documentation", "Documentation", "{271A7CAE-3878-4A56-92F2-9FDCEEF097E9}"
	ProjectSection(SolutionItems) = preProject
		README.md = README.md
	EndProjectSection
EndProject
Global
	GlobalSection(SolutionConfigurationPlatforms) = preSolution
		Debug|Any CPU = Debug|Any CPU
		Release|Any CPU = Release|Any CPU
	EndGlobalSection
	GlobalSection(ProjectConfigurationPlatforms) = postSolution
		{E579943C-F3F8-4442-9AB3-73D4AC5928B0}.Debug|Any CPU.ActiveCfg = Debug|Any CPU
		{E579943C-F3F8-4442-9AB3-73D4AC5928B0}.Debug|Any CPU.Build.0 = Debug|Any CPU
		{E579943C-F3F8-4442-9AB3-73D4AC5928B0}.Release|Any CPU.ActiveCfg = Release|Any CPU
		{E579943C-F3F8-4442-9AB3-73D4AC5928B0}.Release|Any CPU.Build.0 = Release|Any CPU
		{89CA7776-7442-43D2-A5E0-023537C14C1E}.Debug|Any CPU.ActiveCfg = Debug|Any CPU
		{89CA7776-7442-43D2-A5E0-023537C14C1E}.Debug|Any CPU.Build.0 = Debug|Any CPU
		{89CA7776-7442-43D2-A5E0-023537C14C1E}.Release|Any CPU.ActiveCfg = Release|Any CPU
		{89CA7776-7442-43D2-A5E0-023537C14C1E}.Release|Any CPU.Build.0 = Release|Any CPU
		{3D18D4AF-FD73-4413-9EF2-78A230116BCF}.Debug|Any CPU.ActiveCfg = Debug|Any CPU
		{3D18D4AF-FD73-4413-9EF2-78A230116BCF}.Debug|Any CPU.Build.0 = Debug|Any CPU
		{3D18D4AF-FD73-4413-9EF2-78A230116BCF}.Release|Any CPU.ActiveCfg = Release|Any CPU
		{3D18D4AF-FD73-4413-9EF2-78A230116BCF}.Release|Any CPU.Build.0 = Release|Any CPU
	EndGlobalSection
	GlobalSection(SolutionProperties) = preSolution
		HideSolutionNode = FALSE
	EndGlobalSection
EndGlobal
